
Microsoft Visual Studio Solution File, Format Version 12.00
# Visual Studio Version 16
VisualStudioVersion = 16.0.31205.134
MinimumVisualStudioVersion = 10.0.40219.1
Project("{FAE04EC0-301F-11D3-BF4B-00C04F79EFBC}") = "Projeto_Conversor_de_Moeda", "Projeto_Conversor_de_Moeda\Projeto_Conversor_de_Moeda.csproj", "{BB88D323-BA9A-43C2-B885-15E69C6E2A5B}"
EndProject
Global
	GlobalSection(SolutionConfigurationPlatforms) = preSolution
		Debug|Any CPU = Debug|Any CPU
		Release|Any CPU = Release|Any CPU
	EndGlobalSection
	GlobalSection(ProjectConfigurationPlatforms) = postSolution
		{BB88D323-BA9A-43C2-B885-15E69C6E2A5B}.Debug|Any CPU.ActiveCfg = Debug|Any CPU
		{BB88D323-BA9A-43C2-B885-15E69C6E2A5B}.Debug|Any CPU.Build.0 = Debug|Any CPU
		{BB88D323-BA9A-43C2-B885-15E69C6E2A5B}.Release|Any CPU.ActiveCfg = Release|Any CPU
		{BB88D323-BA9A-43C2-B885-15E69C6E2A5B}.Release|Any CPU.Build.0 = Release|Any CPU
	EndGlobalSection
	GlobalSection(SolutionProperties) = preSolution
		HideSolutionNode = FALSE
	EndGlobalSection
	GlobalSection(ExtensibilityGlobals) = postSolution
		SolutionGuid = {F749B2F1-4F4A-4549-992B-C0F3498782D4}
	EndGlobalSection
EndGlobal
